
Microsoft Visual Studio Solution File, Format Version 12.00
# Visual Studio Version 17
VisualStudioVersion = 17.6.33829.357
MinimumVisualStudioVersion = 10.0.40219.1
Project("{9A19103F-16F7-4668-BE54-9A1E7A4F7556}") = "Models", "Models\Models.csproj", "{A1B578ED-1A04-4FC2-A076-C664289E1DB9}"
EndProject
Project("{9A19103F-16F7-4668-BE54-9A1E7A4F7556}") = "Services", "Services\Services.csproj", "{A1181FE5-F30B-412A-810C-1B893E4A4F66}"
EndProject
Project("{9A19103F-16F7-4668-BE54-9A1E7A4F7556}") = "Respository", "Respository\Respository.csproj", "{D0189CF8-EE74-4536-AABB-6B7EBB7F1D3C}"
EndProject
Project("{9A19103F-16F7-4668-BE54-9A1E7A4F7556}") = "CBMWebApi", "CBMWebApi\CBMWebApi.csproj", "{D2B92FE8-72D3-4478-A195-C405AB157341}"
EndProject
Project("{FAE04EC0-301F-11D3-BF4B-00C04F79EFBC}") = "CBMCenterApi", "CBMCenterApi\CBMCenterApi.csproj", "{98CCEF25-966D-4C4F-A368-2810BF5924DC}"
EndProject
Global
	GlobalSection(SolutionConfigurationPlatforms) = preSolution
		Debug|Any CPU = Debug|Any CPU
		Release|Any CPU = Release|Any CPU
	EndGlobalSection
	GlobalSection(ProjectConfigurationPlatforms) = postSolution
		{A1B578ED-1A04-4FC2-A076-C664289E1DB9}.Debug|Any CPU.ActiveCfg = Debug|Any CPU
		{A1B578ED-1A04-4FC2-A076-C664289E1DB9}.Debug|Any CPU.Build.0 = Debug|Any CPU
		{A1B578ED-1A04-4FC2-A076-C664289E1DB9}.Release|Any CPU.ActiveCfg = Release|Any CPU
		{A1B578ED-1A04-4FC2-A076-C664289E1DB9}.Release|Any CPU.Build.0 = Release|Any CPU
		{A1181FE5-F30B-412A-810C-1B893E4A4F66}.Debug|Any CPU.ActiveCfg = Debug|Any CPU
		{A1181FE5-F30B-412A-810C-1B893E4A4F66}.Debug|Any CPU.Build.0 = Debug|Any CPU
		{A1181FE5-F30B-412A-810C-1B893E4A4F66}.Release|Any CPU.ActiveCfg = Release|Any CPU
		{A1181FE5-F30B-412A-810C-1B893E4A4F66}.Release|Any CPU.Build.0 = Release|Any CPU
		{D0189CF8-EE74-4536-AABB-6B7EBB7F1D3C}.Debug|Any CPU.ActiveCfg = Debug|Any CPU
		{D0189CF8-EE74-4536-AABB-6B7EBB7F1D3C}.Debug|Any CPU.Build.0 = Debug|Any CPU
		{D0189CF8-EE74-4536-AABB-6B7EBB7F1D3C}.Release|Any CPU.ActiveCfg = Release|Any CPU
		{D0189CF8-EE74-4536-AABB-6B7EBB7F1D3C}.Release|Any CPU.Build.0 = Release|Any CPU
		{D2B92FE8-72D3-4478-A195-C405AB157341}.Debug|Any CPU.ActiveCfg = Debug|Any CPU
		{D2B92FE8-72D3-4478-A195-C405AB157341}.Debug|Any CPU.Build.0 = Debug|Any CPU
		{D2B92FE8-72D3-4478-A195-C405AB157341}.Release|Any CPU.ActiveCfg = Release|Any CPU
		{D2B92FE8-72D3-4478-A195-C405AB157341}.Release|Any CPU.Build.0 = Release|Any CPU
		{98CCEF25-966D-4C4F-A368-2810BF5924DC}.Debug|Any CPU.ActiveCfg = Debug|Any CPU
		{98CCEF25-966D-4C4F-A368-2810BF5924DC}.Debug|Any CPU.Build.0 = Debug|Any CPU
		{98CCEF25-966D-4C4F-A368-2810BF5924DC}.Release|Any CPU.ActiveCfg = Release|Any CPU
		{98CCEF25-966D-4C4F-A368-2810BF5924DC}.Release|Any CPU.Build.0 = Release|Any CPU
	EndGlobalSection
	GlobalSection(SolutionProperties) = preSolution
		HideSolutionNode = FALSE
	EndGlobalSection
	GlobalSection(ExtensibilityGlobals) = postSolution
		SolutionGuid = {444C5881-E44C-424C-B4B8-5FA484C273AA}
	EndGlobalSection
EndGlobal
